
Microsoft Visual Studio Solution File, Format Version 12.00
# Visual Studio Version 17
VisualStudioVersion = 17.2.32516.85
MinimumVisualStudioVersion = 10.0.40219.1
Project("{FAE04EC0-301F-11D3-BF4B-00C04F79EFBC}") = "NineMensMorris", "NineMensMorris.csproj", "{080E26CF-BCCF-4C4D-BA1E-8692D2E8FE62}"
EndProject
Global
	GlobalSection(SolutionConfigurationPlatforms) = preSolution
		Debug|Any CPU = Debug|Any CPU
		Release|Any CPU = Release|Any CPU
	EndGlobalSection
	GlobalSection(ProjectConfigurationPlatforms) = postSolution
		{080E26CF-BCCF-4C4D-BA1E-8692D2E8FE62}.Debug|Any CPU.ActiveCfg = Debug|Any CPU
		{080E26CF-BCCF-4C4D-BA1E-8692D2E8FE62}.Debug|Any CPU.Build.0 = Debug|Any CPU
		{080E26CF-BCCF-4C4D-BA1E-8692D2E8FE62}.Release|Any CPU.ActiveCfg = Release|Any CPU
		{080E26CF-BCCF-4C4D-BA1E-8692D2E8FE62}.Release|Any CPU.Build.0 = Release|Any CPU
	EndGlobalSection
	GlobalSection(SolutionProperties) = preSolution
		HideSolutionNode = FALSE
	EndGlobalSection
	GlobalSection(ExtensibilityGlobals) = postSolution
		SolutionGuid = {7538034D-1099-4CE4-9E82-1E40E25E6A4D}
	EndGlobalSection
EndGlobal
