
Microsoft Visual Studio Solution File, Format Version 12.00
# Visual Studio Version 17
VisualStudioVersion = 17.3.32929.385
MinimumVisualStudioVersion = 10.0.40219.1
Project("{9A19103F-16F7-4668-BE54-9A1E7A4F7556}") = "ProtectionProgram", "ProtectionProgram.csproj", "{0DA81DAE-195C-47C3-AE70-7D9EF21199A1}"
EndProject
Global
	GlobalSection(SolutionConfigurationPlatforms) = preSolution
		Debug|Any CPU = Debug|Any CPU
		Release|Any CPU = Release|Any CPU
	EndGlobalSection
	GlobalSection(ProjectConfigurationPlatforms) = postSolution
		{0DA81DAE-195C-47C3-AE70-7D9EF21199A1}.Debug|Any CPU.ActiveCfg = Debug|Any CPU
		{0DA81DAE-195C-47C3-AE70-7D9EF21199A1}.Debug|Any CPU.Build.0 = Debug|Any CPU
		{0DA81DAE-195C-47C3-AE70-7D9EF21199A1}.Release|Any CPU.ActiveCfg = Release|Any CPU
		{0DA81DAE-195C-47C3-AE70-7D9EF21199A1}.Release|Any CPU.Build.0 = Release|Any CPU
	EndGlobalSection
	GlobalSection(SolutionProperties) = preSolution
		HideSolutionNode = FALSE
	EndGlobalSection
	GlobalSection(ExtensibilityGlobals) = postSolution
		SolutionGuid = {007D04B1-FB28-4E93-A3E8-6647556A02E0}
	EndGlobalSection
EndGlobal
